
Microsoft Visual Studio Solution File, Format Version 11.00
# Visual Studio 2010
Project("{FAE04EC0-301F-11D3-BF4B-00C04F79EFBC}") = "HYSignServices", "HYSignServices\HYSignServices.csproj", "{366A3284-D7BD-425C-830A-1317A57D3D38}"
EndProject
Global
	GlobalSection(SolutionConfigurationPlatforms) = preSolution
		Debug|Any CPU = Debug|Any CPU
		Release|Any CPU = Release|Any CPU
	EndGlobalSection
	GlobalSection(ProjectConfigurationPlatforms) = postSolution
		{366A3284-D7BD-425C-830A-1317A57D3D38}.Debug|Any CPU.ActiveCfg = Debug|Any CPU
		{366A3284-D7BD-425C-830A-1317A57D3D38}.Debug|Any CPU.Build.0 = Debug|Any CPU
		{366A3284-D7BD-425C-830A-1317A57D3D38}.Release|Any CPU.ActiveCfg = Release|Any CPU
		{366A3284-D7BD-425C-830A-1317A57D3D38}.Release|Any CPU.Build.0 = Release|Any CPU
	EndGlobalSection
	GlobalSection(SolutionProperties) = preSolution
		HideSolutionNode = FALSE
	EndGlobalSection
EndGlobal
